
Microsoft Visual Studio Solution File, Format Version 12.00
# Visual Studio Version 16
VisualStudioVersion = 16.0.30907.101
MinimumVisualStudioVersion = 10.0.40219.1
Project("{9A19103F-16F7-4668-BE54-9A1E7A4F7556}") = "Entities", "Entities\Entities.csproj", "{C1692E97-EF83-48D4-8955-C0091F16004A}"
EndProject
Project("{9A19103F-16F7-4668-BE54-9A1E7A4F7556}") = "DataAccess", "DataAccess\DataAccess.csproj", "{77C05AD0-D799-45E0-86ED-8AB287CB922E}"
EndProject
Project("{9A19103F-16F7-4668-BE54-9A1E7A4F7556}") = "Business", "Business\Business.csproj", "{81BDD2FC-4761-4ACB-8D21-7E5155873255}"
EndProject
Project("{9A19103F-16F7-4668-BE54-9A1E7A4F7556}") = "ConsoleUI", "Console\ConsoleUI.csproj", "{A0D52581-6C63-473C-A113-9B2D0906EB8F}"
EndProject
Project("{9A19103F-16F7-4668-BE54-9A1E7A4F7556}") = "Core", "Core\Core.csproj", "{65605A76-8171-49F9-A955-5602C833B687}"
EndProject
Project("{FAE04EC0-301F-11D3-BF4B-00C04F79EFBC}") = "WebAPI", "WebAPI\WebAPI.csproj", "{0540F395-5D08-4DA0-91A2-28BA15E96FCF}"
EndProject
Global
	GlobalSection(SolutionConfigurationPlatforms) = preSolution
		Debug|Any CPU = Debug|Any CPU
		Release|Any CPU = Release|Any CPU
	EndGlobalSection
	GlobalSection(ProjectConfigurationPlatforms) = postSolution
		{C1692E97-EF83-48D4-8955-C0091F16004A}.Debug|Any CPU.ActiveCfg = Debug|Any CPU
		{C1692E97-EF83-48D4-8955-C0091F16004A}.Debug|Any CPU.Build.0 = Debug|Any CPU
		{C1692E97-EF83-48D4-8955-C0091F16004A}.Release|Any CPU.ActiveCfg = Release|Any CPU
		{C1692E97-EF83-48D4-8955-C0091F16004A}.Release|Any CPU.Build.0 = Release|Any CPU
		{77C05AD0-D799-45E0-86ED-8AB287CB922E}.Debug|Any CPU.ActiveCfg = Debug|Any CPU
		{77C05AD0-D799-45E0-86ED-8AB287CB922E}.Debug|Any CPU.Build.0 = Debug|Any CPU
		{77C05AD0-D799-45E0-86ED-8AB287CB922E}.Release|Any CPU.ActiveCfg = Release|Any CPU
		{77C05AD0-D799-45E0-86ED-8AB287CB922E}.Release|Any CPU.Build.0 = Release|Any CPU
		{81BDD2FC-4761-4ACB-8D21-7E5155873255}.Debug|Any CPU.ActiveCfg = Debug|Any CPU
		{81BDD2FC-4761-4ACB-8D21-7E5155873255}.Debug|Any CPU.Build.0 = Debug|Any CPU
		{81BDD2FC-4761-4ACB-8D21-7E5155873255}.Release|Any CPU.ActiveCfg = Release|Any CPU
		{81BDD2FC-4761-4ACB-8D21-7E5155873255}.Release|Any CPU.Build.0 = Release|Any CPU
		{A0D52581-6C63-473C-A113-9B2D0906EB8F}.Debug|Any CPU.ActiveCfg = Debug|Any CPU
		{A0D52581-6C63-473C-A113-9B2D0906EB8F}.Debug|Any CPU.Build.0 = Debug|Any CPU
		{A0D52581-6C63-473C-A113-9B2D0906EB8F}.Release|Any CPU.ActiveCfg = Release|Any CPU
		{A0D52581-6C63-473C-A113-9B2D0906EB8F}.Release|Any CPU.Build.0 = Release|Any CPU
		{65605A76-8171-49F9-A955-5602C833B687}.Debug|Any CPU.ActiveCfg = Debug|Any CPU
		{65605A76-8171-49F9-A955-5602C833B687}.Debug|Any CPU.Build.0 = Debug|Any CPU
		{65605A76-8171-49F9-A955-5602C833B687}.Release|Any CPU.ActiveCfg = Release|Any CPU
		{65605A76-8171-49F9-A955-5602C833B687}.Release|Any CPU.Build.0 = Release|Any CPU
		{0540F395-5D08-4DA0-91A2-28BA15E96FCF}.Debug|Any CPU.ActiveCfg = Debug|Any CPU
		{0540F395-5D08-4DA0-91A2-28BA15E96FCF}.Debug|Any CPU.Build.0 = Debug|Any CPU
		{0540F395-5D08-4DA0-91A2-28BA15E96FCF}.Release|Any CPU.ActiveCfg = Release|Any CPU
		{0540F395-5D08-4DA0-91A2-28BA15E96FCF}.Release|Any CPU.Build.0 = Release|Any CPU
	EndGlobalSection
	GlobalSection(SolutionProperties) = preSolution
		HideSolutionNode = FALSE
	EndGlobalSection
	GlobalSection(ExtensibilityGlobals) = postSolution
		SolutionGuid = {0A8F162C-9A12-4090-A051-1FEB452FBEE8}
	EndGlobalSection
EndGlobal
